
Microsoft Visual Studio Solution File, Format Version 12.00
# Visual Studio Version 16
VisualStudioVersion = 16.0.29519.181
MinimumVisualStudioVersion = 10.0.40219.1
Project("{9A19103F-16F7-4668-BE54-9A1E7A4F7556}") = "PersonalWebsite.IService", "PersonalWebsite.IService\PersonalWebsite.IService.csproj", "{3F7ACD0B-D643-4C60-8C56-93AA721A8D9C}"
EndProject
Project("{9A19103F-16F7-4668-BE54-9A1E7A4F7556}") = "PersonalWebsite.Service", "PersonalWebsite.Service\PersonalWebsite.Service.csproj", "{5466918A-AA95-4CCC-9AFD-9314D4AF3BBC}"
EndProject
Project("{9A19103F-16F7-4668-BE54-9A1E7A4F7556}") = "PersonalWebsite.Helper", "PersonalWebsite.Helper\PersonalWebsite.Helper.csproj", "{81AD92B9-AB6D-47AF-B07A-ED7B9BE7FEC8}"
EndProject
Project("{9A19103F-16F7-4668-BE54-9A1E7A4F7556}") = "PersonalWebsite.DTO", "PersonalWebsite.DTO\PersonalWebsite.DTO.csproj", "{36F16110-DD61-4E2B-860D-993199FE99D5}"
EndProject
Project("{9A19103F-16F7-4668-BE54-9A1E7A4F7556}") = "PersonalWebsite.AdminWeb", "PersonalWebsite.AdminWeb\PersonalWebsite.AdminWeb.csproj", "{23B3EF5E-7CCF-4F63-9C76-CAE63FE6C516}"
EndProject
Project("{FAE04EC0-301F-11D3-BF4B-00C04F79EFBC}") = "PersonalWebsite.Web", "PersonalWebsite.Web\PersonalWebsite.Web.csproj", "{91F49CE1-948B-4520-B6DF-633BBE61A3A2}"
EndProject
Global
	GlobalSection(SolutionConfigurationPlatforms) = preSolution
		Debug|Any CPU = Debug|Any CPU
		Release|Any CPU = Release|Any CPU
	EndGlobalSection
	GlobalSection(ProjectConfigurationPlatforms) = postSolution
		{3F7ACD0B-D643-4C60-8C56-93AA721A8D9C}.Debug|Any CPU.ActiveCfg = Debug|Any CPU
		{3F7ACD0B-D643-4C60-8C56-93AA721A8D9C}.Debug|Any CPU.Build.0 = Debug|Any CPU
		{3F7ACD0B-D643-4C60-8C56-93AA721A8D9C}.Release|Any CPU.ActiveCfg = Release|Any CPU
		{3F7ACD0B-D643-4C60-8C56-93AA721A8D9C}.Release|Any CPU.Build.0 = Release|Any CPU
		{5466918A-AA95-4CCC-9AFD-9314D4AF3BBC}.Debug|Any CPU.ActiveCfg = Debug|Any CPU
		{5466918A-AA95-4CCC-9AFD-9314D4AF3BBC}.Debug|Any CPU.Build.0 = Debug|Any CPU
		{5466918A-AA95-4CCC-9AFD-9314D4AF3BBC}.Release|Any CPU.ActiveCfg = Release|Any CPU
		{5466918A-AA95-4CCC-9AFD-9314D4AF3BBC}.Release|Any CPU.Build.0 = Release|Any CPU
		{81AD92B9-AB6D-47AF-B07A-ED7B9BE7FEC8}.Debug|Any CPU.ActiveCfg = Debug|Any CPU
		{81AD92B9-AB6D-47AF-B07A-ED7B9BE7FEC8}.Debug|Any CPU.Build.0 = Debug|Any CPU
		{81AD92B9-AB6D-47AF-B07A-ED7B9BE7FEC8}.Release|Any CPU.ActiveCfg = Release|Any CPU
		{81AD92B9-AB6D-47AF-B07A-ED7B9BE7FEC8}.Release|Any CPU.Build.0 = Release|Any CPU
		{36F16110-DD61-4E2B-860D-993199FE99D5}.Debug|Any CPU.ActiveCfg = Debug|Any CPU
		{36F16110-DD61-4E2B-860D-993199FE99D5}.Debug|Any CPU.Build.0 = Debug|Any CPU
		{36F16110-DD61-4E2B-860D-993199FE99D5}.Release|Any CPU.ActiveCfg = Release|Any CPU
		{36F16110-DD61-4E2B-860D-993199FE99D5}.Release|Any CPU.Build.0 = Release|Any CPU
		{23B3EF5E-7CCF-4F63-9C76-CAE63FE6C516}.Debug|Any CPU.ActiveCfg = Debug|Any CPU
		{23B3EF5E-7CCF-4F63-9C76-CAE63FE6C516}.Debug|Any CPU.Build.0 = Debug|Any CPU
		{23B3EF5E-7CCF-4F63-9C76-CAE63FE6C516}.Release|Any CPU.ActiveCfg = Release|Any CPU
		{23B3EF5E-7CCF-4F63-9C76-CAE63FE6C516}.Release|Any CPU.Build.0 = Release|Any CPU
		{91F49CE1-948B-4520-B6DF-633BBE61A3A2}.Debug|Any CPU.ActiveCfg = Debug|Any CPU
		{91F49CE1-948B-4520-B6DF-633BBE61A3A2}.Debug|Any CPU.Build.0 = Debug|Any CPU
		{91F49CE1-948B-4520-B6DF-633BBE61A3A2}.Release|Any CPU.ActiveCfg = Release|Any CPU
		{91F49CE1-948B-4520-B6DF-633BBE61A3A2}.Release|Any CPU.Build.0 = Release|Any CPU
	EndGlobalSection
	GlobalSection(SolutionProperties) = preSolution
		HideSolutionNode = FALSE
	EndGlobalSection
	GlobalSection(ExtensibilityGlobals) = postSolution
		SolutionGuid = {7C79683A-A1D8-4D76-967B-FA5A685D7BD2}
	EndGlobalSection
EndGlobal
